
Microsoft Visual Studio Solution File, Format Version 12.00
# Visual Studio Version 17
VisualStudioVersion = 17.4.33122.133
MinimumVisualStudioVersion = 10.0.40219.1
Project("{FAE04EC0-301F-11D3-BF4B-00C04F79EFBC}") = "ContactManager", "ContactManager\ContactManager.csproj", "{94F02E31-8BC0-4F5D-A300-53F6F926C39A}"
EndProject
Global
	GlobalSection(SolutionConfigurationPlatforms) = preSolution
		Debug|Any CPU = Debug|Any CPU
		Release|Any CPU = Release|Any CPU
	EndGlobalSection
	GlobalSection(ProjectConfigurationPlatforms) = postSolution
		{94F02E31-8BC0-4F5D-A300-53F6F926C39A}.Debug|Any CPU.ActiveCfg = Debug|Any CPU
		{94F02E31-8BC0-4F5D-A300-53F6F926C39A}.Debug|Any CPU.Build.0 = Debug|Any CPU
		{94F02E31-8BC0-4F5D-A300-53F6F926C39A}.Release|Any CPU.ActiveCfg = Release|Any CPU
		{94F02E31-8BC0-4F5D-A300-53F6F926C39A}.Release|Any CPU.Build.0 = Release|Any CPU
	EndGlobalSection
	GlobalSection(SolutionProperties) = preSolution
		HideSolutionNode = FALSE
	EndGlobalSection
	GlobalSection(ExtensibilityGlobals) = postSolution
		SolutionGuid = {E5697444-A4DC-4924-9848-807752202B25}
	EndGlobalSection
EndGlobal
